
Microsoft Visual Studio Solution File, Format Version 12.00
# Visual Studio 15
VisualStudioVersion = 15.0.28307.329
MinimumVisualStudioVersion = 10.0.40219.1
Project("{FAE04EC0-301F-11D3-BF4B-00C04F79EFBC}") = "Vidly", "Vidly\Vidly.csproj", "{31AB8CF3-1F75-4F9E-BDAD-A67A9A6E4A60}"
EndProject
Global
	GlobalSection(SolutionConfigurationPlatforms) = preSolution
		Debug|Any CPU = Debug|Any CPU
		Release|Any CPU = Release|Any CPU
	EndGlobalSection
	GlobalSection(ProjectConfigurationPlatforms) = postSolution
		{31AB8CF3-1F75-4F9E-BDAD-A67A9A6E4A60}.Debug|Any CPU.ActiveCfg = Debug|Any CPU
		{31AB8CF3-1F75-4F9E-BDAD-A67A9A6E4A60}.Debug|Any CPU.Build.0 = Debug|Any CPU
		{31AB8CF3-1F75-4F9E-BDAD-A67A9A6E4A60}.Release|Any CPU.ActiveCfg = Release|Any CPU
		{31AB8CF3-1F75-4F9E-BDAD-A67A9A6E4A60}.Release|Any CPU.Build.0 = Release|Any CPU
	EndGlobalSection
	GlobalSection(SolutionProperties) = preSolution
		HideSolutionNode = FALSE
	EndGlobalSection
	GlobalSection(ExtensibilityGlobals) = postSolution
		SolutionGuid = {B521B0DC-A6BC-45C5-B879-FDEB0E41E30E}
	EndGlobalSection
EndGlobal
